
Microsoft Visual Studio Solution File, Format Version 12.00
# Visual Studio Version 16
VisualStudioVersion = 16.0.30114.105
MinimumVisualStudioVersion = 10.0.40219.1
Project("{FAE04EC0-301F-11D3-BF4B-00C04F79EFBC}") = "FastGoat", "FastGoat\FastGoat.csproj", "{449ECED4-4D12-4A6A-8205-69E5609C6C3B}"
EndProject
Project("{FAE04EC0-301F-11D3-BF4B-00C04F79EFBC}") = "Tests", "Tests\Tests.csproj", "{2483D5E8-E8ED-4479-8F09-DC38E613D439}"
EndProject
Global
	GlobalSection(SolutionConfigurationPlatforms) = preSolution
		Debug|Any CPU = Debug|Any CPU
		Release|Any CPU = Release|Any CPU
	EndGlobalSection
	GlobalSection(SolutionProperties) = preSolution
		HideSolutionNode = FALSE
	EndGlobalSection
	GlobalSection(ProjectConfigurationPlatforms) = postSolution
		{449ECED4-4D12-4A6A-8205-69E5609C6C3B}.Debug|Any CPU.ActiveCfg = Debug|Any CPU
		{449ECED4-4D12-4A6A-8205-69E5609C6C3B}.Debug|Any CPU.Build.0 = Debug|Any CPU
		{449ECED4-4D12-4A6A-8205-69E5609C6C3B}.Release|Any CPU.ActiveCfg = Release|Any CPU
		{449ECED4-4D12-4A6A-8205-69E5609C6C3B}.Release|Any CPU.Build.0 = Release|Any CPU
		{2483D5E8-E8ED-4479-8F09-DC38E613D439}.Debug|Any CPU.ActiveCfg = Debug|Any CPU
		{2483D5E8-E8ED-4479-8F09-DC38E613D439}.Debug|Any CPU.Build.0 = Debug|Any CPU
		{2483D5E8-E8ED-4479-8F09-DC38E613D439}.Release|Any CPU.ActiveCfg = Release|Any CPU
		{2483D5E8-E8ED-4479-8F09-DC38E613D439}.Release|Any CPU.Build.0 = Release|Any CPU
	EndGlobalSection
EndGlobal
